
Microsoft Visual Studio Solution File, Format Version 12.00
# Visual Studio 14
VisualStudioVersion = 14.0.23107.0
MinimumVisualStudioVersion = 10.0.40219.1
Project("{FAE04EC0-301F-11D3-BF4B-00C04F79EFBC}") = "Server", "SSO.Console\Server.csproj", "{87EC3971-6403-4795-BE85-9110DE58C498}"
EndProject
Project("{FAE04EC0-301F-11D3-BF4B-00C04F79EFBC}") = "ClientAPI1", "SSO.API\ClientAPI1.csproj", "{14C658BE-B438-4E75-832B-DD6E30A6716B}"
EndProject
Project("{FAE04EC0-301F-11D3-BF4B-00C04F79EFBC}") = "ClientConsole", "SSO.Console2\ClientConsole.csproj", "{0B3C1EAE-1C27-419E-9C70-B40031C4073A}"
EndProject
Project("{FAE04EC0-301F-11D3-BF4B-00C04F79EFBC}") = "SSO.Infra", "SSO.Infra\SSO.Infra.csproj", "{A78CDB7E-7618-46E9-B70F-558677ADFDB0}"
EndProject
Project("{FAE04EC0-301F-11D3-BF4B-00C04F79EFBC}") = "SSO.Core", "SSO.Core\SSO.Core.csproj", "{3145CC8C-2D52-4896-8885-7FC05DB8C56C}"
EndProject
Project("{2150E333-8FDC-42A3-9474-1A3956D46DE8}") = "ServerConfigs", "ServerConfigs", "{64DB2EF9-F911-4DB4-A6C8-974759C983CF}"
EndProject
Project("{2150E333-8FDC-42A3-9474-1A3956D46DE8}") = "Clients", "Clients", "{6C8F543A-4759-4DBC-99EF-EAEFFB78E40F}"
EndProject
Global
	GlobalSection(SolutionConfigurationPlatforms) = preSolution
		Debug|Any CPU = Debug|Any CPU
		Release|Any CPU = Release|Any CPU
	EndGlobalSection
	GlobalSection(ProjectConfigurationPlatforms) = postSolution
		{87EC3971-6403-4795-BE85-9110DE58C498}.Debug|Any CPU.ActiveCfg = Debug|Any CPU
		{87EC3971-6403-4795-BE85-9110DE58C498}.Debug|Any CPU.Build.0 = Debug|Any CPU
		{87EC3971-6403-4795-BE85-9110DE58C498}.Release|Any CPU.ActiveCfg = Release|Any CPU
		{87EC3971-6403-4795-BE85-9110DE58C498}.Release|Any CPU.Build.0 = Release|Any CPU
		{14C658BE-B438-4E75-832B-DD6E30A6716B}.Debug|Any CPU.ActiveCfg = Debug|Any CPU
		{14C658BE-B438-4E75-832B-DD6E30A6716B}.Debug|Any CPU.Build.0 = Debug|Any CPU
		{14C658BE-B438-4E75-832B-DD6E30A6716B}.Release|Any CPU.ActiveCfg = Release|Any CPU
		{14C658BE-B438-4E75-832B-DD6E30A6716B}.Release|Any CPU.Build.0 = Release|Any CPU
		{0B3C1EAE-1C27-419E-9C70-B40031C4073A}.Debug|Any CPU.ActiveCfg = Debug|Any CPU
		{0B3C1EAE-1C27-419E-9C70-B40031C4073A}.Debug|Any CPU.Build.0 = Debug|Any CPU
		{0B3C1EAE-1C27-419E-9C70-B40031C4073A}.Release|Any CPU.ActiveCfg = Release|Any CPU
		{0B3C1EAE-1C27-419E-9C70-B40031C4073A}.Release|Any CPU.Build.0 = Release|Any CPU
		{A78CDB7E-7618-46E9-B70F-558677ADFDB0}.Debug|Any CPU.ActiveCfg = Debug|Any CPU
		{A78CDB7E-7618-46E9-B70F-558677ADFDB0}.Debug|Any CPU.Build.0 = Debug|Any CPU
		{A78CDB7E-7618-46E9-B70F-558677ADFDB0}.Release|Any CPU.ActiveCfg = Release|Any CPU
		{A78CDB7E-7618-46E9-B70F-558677ADFDB0}.Release|Any CPU.Build.0 = Release|Any CPU
		{3145CC8C-2D52-4896-8885-7FC05DB8C56C}.Debug|Any CPU.ActiveCfg = Debug|Any CPU
		{3145CC8C-2D52-4896-8885-7FC05DB8C56C}.Debug|Any CPU.Build.0 = Debug|Any CPU
		{3145CC8C-2D52-4896-8885-7FC05DB8C56C}.Release|Any CPU.ActiveCfg = Release|Any CPU
		{3145CC8C-2D52-4896-8885-7FC05DB8C56C}.Release|Any CPU.Build.0 = Release|Any CPU
	EndGlobalSection
	GlobalSection(SolutionProperties) = preSolution
		HideSolutionNode = FALSE
	EndGlobalSection
	GlobalSection(NestedProjects) = preSolution
		{87EC3971-6403-4795-BE85-9110DE58C498} = {64DB2EF9-F911-4DB4-A6C8-974759C983CF}
		{14C658BE-B438-4E75-832B-DD6E30A6716B} = {6C8F543A-4759-4DBC-99EF-EAEFFB78E40F}
		{0B3C1EAE-1C27-419E-9C70-B40031C4073A} = {6C8F543A-4759-4DBC-99EF-EAEFFB78E40F}
		{A78CDB7E-7618-46E9-B70F-558677ADFDB0} = {64DB2EF9-F911-4DB4-A6C8-974759C983CF}
		{3145CC8C-2D52-4896-8885-7FC05DB8C56C} = {64DB2EF9-F911-4DB4-A6C8-974759C983CF}
	EndGlobalSection
EndGlobal
